
Microsoft Visual Studio Solution File, Format Version 12.00
# Visual Studio Version 16
VisualStudioVersion = 16.0.30621.155
MinimumVisualStudioVersion = 10.0.40219.1
Project("{FAE04EC0-301F-11D3-BF4B-00C04F79EFBC}") = "DG_PIS_LAB1", "DG_PIS_LAB1.csproj", "{FA658FEC-B4E7-4C0C-8BD5-B588DD567B66}"
EndProject
Global
	GlobalSection(SolutionConfigurationPlatforms) = preSolution
		Debug|Any CPU = Debug|Any CPU
		Release|Any CPU = Release|Any CPU
	EndGlobalSection
	GlobalSection(ProjectConfigurationPlatforms) = postSolution
		{FA658FEC-B4E7-4C0C-8BD5-B588DD567B66}.Debug|Any CPU.ActiveCfg = Debug|Any CPU
		{FA658FEC-B4E7-4C0C-8BD5-B588DD567B66}.Debug|Any CPU.Build.0 = Debug|Any CPU
		{FA658FEC-B4E7-4C0C-8BD5-B588DD567B66}.Release|Any CPU.ActiveCfg = Release|Any CPU
		{FA658FEC-B4E7-4C0C-8BD5-B588DD567B66}.Release|Any CPU.Build.0 = Release|Any CPU
	EndGlobalSection
	GlobalSection(SolutionProperties) = preSolution
		HideSolutionNode = FALSE
	EndGlobalSection
	GlobalSection(ExtensibilityGlobals) = postSolution
		SolutionGuid = {F821D1D9-A81E-46AC-9AE5-9E4F52CEBC57}
	EndGlobalSection
EndGlobal
